<?xml version="1.0" encoding="utf-8"?>
<Project ToolsVersion="4.0" xmlns="http://schemas.microsoft.com/developer/msbuild/2003">
  <ItemGroup>
    <Filter Include="Source Files">
      <UniqueIdentifier>{4FC737F1-C7A5-4376-A066-2A32D752A2FF}</UniqueIdentifier>
      <Extensions>cpp;c;cc;cxx;def;odl;idl;hpj;bat;asm;asmx</Extensions>
    </Filter>
    <Filter Include="Header Files">
      <UniqueIdentifier>{93995380-89BD-4b04-88EB-625FBE52EBFB}</UniqueIdentifier>
      <Extensions>h;hh;hpp;hxx;hm;inl;inc;ipp;xsd</Extensions>
    </Filter>
    <Filter Include="Resource Files">
      <UniqueIdentifier>{67DA6AB6-F800-4c08-8B7A-83BB121AAD01}</UniqueIdentifier>
      <Extensions>rc;ico;cur;bmp;dlg;rc2;rct;bin;rgs;gif;jpg;jpeg;jpe;resx;tiff;tif;png;wav;mfcribbon-ms</Extensions>
    </Filter>
  </ItemGroup>
  <ItemGroup>
    <None Include=".clang-format" />
  </ItemGroup>
  <ItemGroup>
    <ClCompile Include="src\Drawable.cpp">
      <Filter>Source Files</Filter>
    </ClCompile>
    <ClCompile Include="src\EventListener.cpp">
      <Filter>Source Files</Filter>
    </ClCompile>
    <ClCompile Include="src\GameEventHandler.cpp">
      <Filter>Source Files</Filter>
    </ClCompile>
    <ClCompile Include="src\Game.cpp">
      <Filter>Source Files</Filter>
    </ClCompile>
    <ClCompile Include="src\Renderer.cpp">
      <Filter>Source Files</Filter>
    </ClCompile>
    <ClCompile Include="src\ShaderProgram.cpp">
      <Filter>Source Files</Filter>
    </ClCompile>
    <ClCompile Include="src\Texture.cpp">
      <Filter>Source Files</Filter>
    </ClCompile>
    <ClCompile Include="src\SimpleShader.cpp">
      <Filter>Source Files</Filter>
    </ClCompile>
    <ClCompile Include="src\Timer.cpp">
      <Filter>Source Files</Filter>
    </ClCompile>
    <ClCompile Include="src\VertexBuffer.cpp">
      <Filter>Source Files</Filter>
    </ClCompile>
    <ClCompile Include="src\Window.cpp">
      <Filter>Source Files</Filter>
    </ClCompile>
    <ClCompile Include="src\WindowWIN32.cpp">
      <Filter>Source Files</Filter>
    </ClCompile>
    <ClCompile Include="lib\DDSTextureLoader\DDSTextureLoader.cpp">
      <Filter>Source Files</Filter>
    </ClCompile>
    <ClCompile Include="lib\FW1FontWrapper\CFW1ColorRGBA.cpp">
      <Filter>Source Files</Filter>
    </ClCompile>
    <ClCompile Include="lib\FW1FontWrapper\CFW1ColorRGBAInterface.cpp">
      <Filter>Source Files</Filter>
    </ClCompile>
    <ClCompile Include="lib\FW1FontWrapper\CFW1DWriteRenderTarget.cpp">
      <Filter>Source Files</Filter>
    </ClCompile>
    <ClCompile Include="lib\FW1FontWrapper\CFW1DWriteRenderTargetInterface.cpp">
      <Filter>Source Files</Filter>
    </ClCompile>
    <ClCompile Include="lib\FW1FontWrapper\CFW1Factory.cpp">
      <Filter>Source Files</Filter>
    </ClCompile>
    <ClCompile Include="lib\FW1FontWrapper\CFW1FactoryInterface.cpp">
      <Filter>Source Files</Filter>
    </ClCompile>
    <ClCompile Include="lib\FW1FontWrapper\CFW1FontWrapper.cpp">
      <Filter>Source Files</Filter>
    </ClCompile>
    <ClCompile Include="lib\FW1FontWrapper\CFW1FontWrapperInterface.cpp">
      <Filter>Source Files</Filter>
    </ClCompile>
    <ClCompile Include="lib\FW1FontWrapper\CFW1GlyphAtlas.cpp">
      <Filter>Source Files</Filter>
    </ClCompile>
    <ClCompile Include="lib\FW1FontWrapper\CFW1GlyphAtlasInterface.cpp">
      <Filter>Source Files</Filter>
    </ClCompile>
    <ClCompile Include="lib\FW1FontWrapper\CFW1GlyphProvider.cpp">
      <Filter>Source Files</Filter>
    </ClCompile>
    <ClCompile Include="lib\FW1FontWrapper\CFW1GlyphProviderInterface.cpp">
      <Filter>Source Files</Filter>
    </ClCompile>
    <ClCompile Include="lib\FW1FontWrapper\CFW1GlyphRenderStates.cpp">
      <Filter>Source Files</Filter>
    </ClCompile>
    <ClCompile Include="lib\FW1FontWrapper\CFW1GlyphRenderStatesInterface.cpp">
      <Filter>Source Files</Filter>
    </ClCompile>
    <ClCompile Include="lib\FW1FontWrapper\CFW1GlyphSheet.cpp">
      <Filter>Source Files</Filter>
    </ClCompile>
    <ClCompile Include="lib\FW1FontWrapper\CFW1GlyphSheetInterface.cpp">
      <Filter>Source Files</Filter>
    </ClCompile>
    <ClCompile Include="lib\FW1FontWrapper\CFW1GlyphVertexDrawer.cpp">
      <Filter>Source Files</Filter>
    </ClCompile>
    <ClCompile Include="lib\FW1FontWrapper\CFW1GlyphVertexDrawerInterface.cpp">
      <Filter>Source Files</Filter>
    </ClCompile>
    <ClCompile Include="lib\FW1FontWrapper\CFW1StateSaver.cpp">
      <Filter>Source Files</Filter>
    </ClCompile>
    <ClCompile Include="lib\FW1FontWrapper\CFW1TextGeometry.cpp">
      <Filter>Source Files</Filter>
    </ClCompile>
    <ClCompile Include="lib\FW1FontWrapper\CFW1TextGeometryInterface.cpp">
      <Filter>Source Files</Filter>
    </ClCompile>
    <ClCompile Include="lib\FW1FontWrapper\CFW1TextRenderer.cpp">
      <Filter>Source Files</Filter>
    </ClCompile>
    <ClCompile Include="lib\FW1FontWrapper\CFW1TextRendererInterface.cpp">
      <Filter>Source Files</Filter>
    </ClCompile>
    <ClCompile Include="lib\FW1FontWrapper\FW1FontWrapper.cpp">
      <Filter>Source Files</Filter>
    </ClCompile>
    <ClCompile Include="lib\FW1FontWrapper\FW1Precompiled.cpp">
      <Filter>Source Files</Filter>
    </ClCompile>
    <ClCompile Include="src\Font.cpp">
      <Filter>Source Files</Filter>
    </ClCompile>
    <ClCompile Include="src\Sprite.cpp">
      <Filter>Source Files</Filter>
    </ClCompile>
    <ClCompile Include="src\Main.cpp">
      <Filter>Source Files</Filter>
    </ClCompile>
    <ClCompile Include="src\Camera.cpp">
      <Filter>Source Files</Filter>
    </ClCompile>
  </ItemGroup>
  <ItemGroup>
    <ClInclude Include="include\WindowWIN32.h">
      <Filter>Header Files</Filter>
    </ClInclude>
    <ClInclude Include="include\Application.h">
      <Filter>Header Files</Filter>
    </ClInclude>
    <ClInclude Include="include\ConstantBuffer.h">
      <Filter>Header Files</Filter>
    </ClInclude>
    <ClInclude Include="include\Drawable.h">
      <Filter>Header Files</Filter>
    </ClInclude>
    <ClInclude Include="include\Event.h">
      <Filter>Header Files</Filter>
    </ClInclude>
    <ClInclude Include="include\EventHandler.h">
      <Filter>Header Files</Filter>
    </ClInclude>
    <ClInclude Include="include\EventListener.h">
      <Filter>Header Files</Filter>
    </ClInclude>
    <ClInclude Include="include\FileUtils.h">
      <Filter>Header Files</Filter>
    </ClInclude>
    <ClInclude Include="include\Game.h">
      <Filter>Header Files</Filter>
    </ClInclude>
    <ClInclude Include="include\GameEventHandler.h">
      <Filter>Header Files</Filter>
    </ClInclude>
    <ClInclude Include="include\IndexBuffer.h">
      <Filter>Header Files</Filter>
    </ClInclude>
    <ClInclude Include="include\InputControl.h">
      <Filter>Header Files</Filter>
    </ClInclude>
    <ClInclude Include="include\InputLayout.h">
      <Filter>Header Files</Filter>
    </ClInclude>
    <ClInclude Include="include\MathUtils.h">
      <Filter>Header Files</Filter>
    </ClInclude>
    <ClInclude Include="include\Renderer.h">
      <Filter>Header Files</Filter>
    </ClInclude>
    <ClInclude Include="include\Shader.h">
      <Filter>Header Files</Filter>
    </ClInclude>
    <ClInclude Include="include\ShaderProgram.h">
      <Filter>Header Files</Filter>
    </ClInclude>
    <ClInclude Include="include\SimpleShader.h">
      <Filter>Header Files</Filter>
    </ClInclude>
    <ClInclude Include="include\Texture.h">
      <Filter>Header Files</Filter>
    </ClInclude>
    <ClInclude Include="include\Timer.h">
      <Filter>Header Files</Filter>
    </ClInclude>
    <ClInclude Include="include\Transform.h">
      <Filter>Header Files</Filter>
    </ClInclude>
    <ClInclude Include="include\Utility.h">
      <Filter>Header Files</Filter>
    </ClInclude>
    <ClInclude Include="include\VertexBuffer.h">
      <Filter>Header Files</Filter>
    </ClInclude>
    <ClInclude Include="include\Window.h">
      <Filter>Header Files</Filter>
    </ClInclude>
    <ClInclude Include="lib\DDSTextureLoader\DDSTextureLoader.h">
      <Filter>Header Files</Filter>
    </ClInclude>
    <ClInclude Include="lib\FW1FontWrapper\CFW1ColorRGBA.h">
      <Filter>Header Files</Filter>
    </ClInclude>
    <ClInclude Include="lib\FW1FontWrapper\CFW1DWriteRenderTarget.h">
      <Filter>Header Files</Filter>
    </ClInclude>
    <ClInclude Include="lib\FW1FontWrapper\CFW1Factory.h">
      <Filter>Header Files</Filter>
    </ClInclude>
    <ClInclude Include="lib\FW1FontWrapper\CFW1FontWrapper.h">
      <Filter>Header Files</Filter>
    </ClInclude>
    <ClInclude Include="lib\FW1FontWrapper\CFW1GlyphAtlas.h">
      <Filter>Header Files</Filter>
    </ClInclude>
    <ClInclude Include="lib\FW1FontWrapper\CFW1GlyphProvider.h">
      <Filter>Header Files</Filter>
    </ClInclude>
    <ClInclude Include="lib\FW1FontWrapper\CFW1GlyphRenderStates.h">
      <Filter>Header Files</Filter>
    </ClInclude>
    <ClInclude Include="lib\FW1FontWrapper\CFW1GlyphSheet.h">
      <Filter>Header Files</Filter>
    </ClInclude>
    <ClInclude Include="lib\FW1FontWrapper\CFW1GlyphVertexDrawer.h">
      <Filter>Header Files</Filter>
    </ClInclude>
    <ClInclude Include="lib\FW1FontWrapper\CFW1Object.h">
      <Filter>Header Files</Filter>
    </ClInclude>
    <ClInclude Include="lib\FW1FontWrapper\CFW1StateSaver.h">
      <Filter>Header Files</Filter>
    </ClInclude>
    <ClInclude Include="lib\FW1FontWrapper\CFW1TextGeometry.h">
      <Filter>Header Files</Filter>
    </ClInclude>
    <ClInclude Include="lib\FW1FontWrapper\CFW1TextRenderer.h">
      <Filter>Header Files</Filter>
    </ClInclude>
    <ClInclude Include="lib\FW1FontWrapper\FW1CompileSettings.h">
      <Filter>Header Files</Filter>
    </ClInclude>
    <ClInclude Include="lib\FW1FontWrapper\FW1FontWrapper.h">
      <Filter>Header Files</Filter>
    </ClInclude>
    <ClInclude Include="lib\FW1FontWrapper\FW1Precompiled.h">
      <Filter>Header Files</Filter>
    </ClInclude>
    <ClInclude Include="include\Font.h">
      <Filter>Header Files</Filter>
    </ClInclude>
    <ClInclude Include="include\Sprite.h">
      <Filter>Header Files</Filter>
    </ClInclude>
    <ClInclude Include="include\Model.h">
      <Filter>Header Files</Filter>
    </ClInclude>
    <ClInclude Include="include\ECS.h">
      <Filter>Header Files</Filter>
    </ClInclude>
    <ClInclude Include="include\UtilComponents.h">
      <Filter>Header Files</Filter>
    </ClInclude>
    <ClInclude Include="include\RenderContext.h">
      <Filter>Header Files</Filter>
    </ClInclude>
    <ClInclude Include="include\Camera.h">
      <Filter>Header Files</Filter>
    </ClInclude>
  </ItemGroup>
  <ItemGroup>
    <FxCompile Include="simplePixelShader.hlsl" />
    <FxCompile Include="simpleVertexShader.hlsl" />
  </ItemGroup>
</Project>